
Microsoft Visual Studio Solution File, Format Version 10.00
# Visual C++ Express 2008
Project("{8BC9CEB8-8B4A-11D0-8D11-00A0C91BC942}") = "zombie_hunt", "zombie_hunt\zombie_hunt.vcproj", "{342D09FC-64A8-48C0-9A77-D9E6236280BD}"
EndProject
Global
	GlobalSection(SolutionConfigurationPlatforms) = preSolution
		Debug|Win32 = Debug|Win32
		Release|Win32 = Release|Win32
	EndGlobalSection
	GlobalSection(ProjectConfigurationPlatforms) = postSolution
		{342D09FC-64A8-48C0-9A77-D9E6236280BD}.Debug|Win32.ActiveCfg = Debug|Win32
		{342D09FC-64A8-48C0-9A77-D9E6236280BD}.Debug|Win32.Build.0 = Debug|Win32
		{342D09FC-64A8-48C0-9A77-D9E6236280BD}.Release|Win32.ActiveCfg = Release|Win32
		{342D09FC-64A8-48C0-9A77-D9E6236280BD}.Release|Win32.Build.0 = Release|Win32
	EndGlobalSection
	GlobalSection(SolutionProperties) = preSolution
		HideSolutionNode = FALSE
	EndGlobalSection
EndGlobal
